{
    "_readme": [
        "This file locks the dependencies of your project to a known state",
        "Read more about it at https://getcomposer.org/doc/01-basic-usage.md#composer-lock-the-lock-file",
        "This file is @generated automatically"
    ],
    "content-hash": "cfb964257731fe5add54971ca49bd73b",
    "packages": [
        {
            "name": "moay/fints-db",
            "version": "master",
            "dist": {
                "type": "file",
                "url": "https://github.com/moay/fints-institute-db/raw/master/fints-institutes.json",
                "reference": "master",
                "shasum": null
            },
            "type": "library"
        }
    ],
    "packages-dev": [],
    "aliases": [],
    "minimum-stability": "stable",
    "stability-flags": {
        "moay/fints-db": 20
    },
    "prefer-stable": false,
    "prefer-lowest": false,
    "platform": [],
    "platform-dev": []
}
